// !$*UTF8*$!
{
	archiveVersion = 1;
	classes = {
	};
	objectVersion = 50;
	objects = {

/* Begin PBXBuildFile section */
		E3555D1621798E72000CAB68 /* AppDelegate.m in Sources */ = {isa = PBXBuildFile; fileRef = E3555D1521798E72000CAB68 /* AppDelegate.m */; };
		E3555D1921798E72000CAB68 /* ViewController.m in Sources */ = {isa = PBXBuildFile; fileRef = E3555D1821798E72000CAB68 /* ViewController.m */; };
		E3555D1C21798E72000CAB68 /* Main.storyboard in Resources */ = {isa = PBXBuildFile; fileRef = E3555D1A21798E72000CAB68 /* Main.storyboard */; };
		E3555D1E21798E73000CAB68 /* Assets.xcassets in Resources */ = {isa = PBXBuildFile; fileRef = E3555D1D21798E73000CAB68 /* Assets.xcassets */; };
		E3555D2121798E73000CAB68 /* LaunchScreen.storyboard in Resources */ = {isa = PBXBuildFile; fileRef = E3555D1F21798E73000CAB68 /* LaunchScreen.storyboard */; };
		E3555D2421798E73000CAB68 /* main.m in Sources */ = {isa = PBXBuildFile; fileRef = E3555D2321798E73000CAB68 /* main.m */; };
		E3555D2C21798E90000CAB68 /* AVFoundation.framework in Frameworks */ = {isa = PBXBuildFile; fileRef = E3555D2B21798E90000CAB68 /* AVFoundation.framework */; };
		E3555D2E21798E9C000CAB68 /* MediaPlayer.framework in Frameworks */ = {isa = PBXBuildFile; fileRef = E3555D2D21798E9C000CAB68 /* MediaPlayer.framework */; };
/* End PBXBuildFile section */

/* Begin PBXFileReference section */
		E3555D1121798E72000CAB68 /* ChangeSystemVolume.app */ = {isa = PBXFileReference; explicitFileType = wrapper.application; includeInIndex = 0; path = ChangeSystemVolume.app; sourceTree = BUILT_PRODUCTS_DIR; };
		E3555D1421798E72000CAB68 /* AppDelegate.h */ = {isa = PBXFileReference; lastKnownFileType = sourcecode.c.h; path = AppDelegate.h; sourceTree = "<group>"; };
		E3555D1521798E72000CAB68 /* AppDelegate.m */ = {isa = PBXFileReference; lastKnownFileType = sourcecode.c.objc; path = AppDelegate.m; sourceTree = "<group>"; };
		E3555D1721798E72000CAB68 /* ViewController.h */ = {isa = PBXFileReference; lastKnownFileType = sourcecode.c.h; path = ViewController.h; sourceTree = "<group>"; };
		E3555D1821798E72000CAB68 /* ViewController.m */ = {isa = PBXFileReference; lastKnownFileType = sourcecode.c.objc; path = ViewController.m; sourceTree = "<group>"; };
		E3555D1B21798E72000CAB68 /* Base */ = {isa = PBXFileReference; lastKnownFileType = file.storyboard; name = Base; path = Base.lproj/Main.storyboard; sourceTree = "<group>"; };
		E3555D1D21798E73000CAB68 /* Assets.xcassets */ = {isa = PBXFileReference; lastKnownFileType = folder.assetcatalog; path = Assets.xcassets; sourceTree = "<group>"; };
		E3555D2021798E73000CAB68 /* Base */ = {isa = PBXFileReference; lastKnownFileType = file.storyboard; name = Base; path = Base.lproj/LaunchScreen.storyboard; sourceTree = "<group>"; };
		E3555D2221798E73000CAB68 /* Info.plist */ = {isa = PBXFileReference; lastKnownFileType = text.plist.xml; path = Info.plist; sourceTree = "<group>"; };
		E3555D2321798E73000CAB68 /* main.m */ = {isa = PBXFileReference; lastKnownFileType = sourcecode.c.objc; path = main.m; sourceTree = "<group>"; };
		E3555D2B21798E90000CAB68 /* AVFoundation.framework */ = {isa = PBXFileReference; lastKnownFileType = wrapper.framework; name = AVFoundation.framework; path = System/Library/Frameworks/AVFoundation.framework; sourceTree = SDKROOT; };
		E3555D2D21798E9C000CAB68 /* MediaPlayer.framework */ = {isa = PBXFileReference; lastKnownFileType = wrapper.framework; name = MediaPlayer.framework; path = System/Library/Frameworks/MediaPlayer.framework; sourceTree = SDKROOT; };
/* End PBXFileReference section */

/* Begin PBXFrameworksBuildPhase section */
		E3555D0E21798E72000CAB68 /* Frameworks */ = {
			isa = PBXFrameworksBuildPhase;
			buildActionMask = 2147483647;
			files = (
				E3555D2E21798E9C000CAB68 /* MediaPlayer.framework in Frameworks */,
				E3555D2C21798E90000CAB68 /* AVFoundation.framework in Frameworks */,
			);
			runOnlyForDeploymentPostprocessing = 0;
		};
/* End PBXFrameworksBuildPhase section */

/* Begin PBXGroup section */
		E3555D0821798E72000CAB68 = {
			isa = PBXGroup;
			children = (
				E3555D1321798E72000CAB68 /* ChangeSystemVolume */,
				E3555D1221798E72000CAB68 /* Products */,
				E3555D2A21798E8F000CAB68 /* Frameworks */,
			);
			sourceTree = "<group>";
		};
		E3555D1221798E72000CAB68 /* Products */ = {
			isa = PBXGroup;
			children = (
				E3555D1121798E72000CAB68 /* ChangeSystemVolume.app */,
			);
			name = Products;
			sourceTree = "<group>";
		};
		E3555D1321798E72000CAB68 /* ChangeSystemVolume */ = {
			isa = PBXGroup;
			children = (
				E3555D1421798E72000CAB68 /* AppDelegate.h */,
				E3555D1521798E72000CAB68 /* AppDelegate.m */,
				E3555D1721798E72000CAB68 /* ViewController.h */,
				E3555D1821798E72000CAB68 /* ViewController.m */,
				E3555D1A21798E72000CAB68 /* Main.storyboard */,
				E3555D1D21798E73000CAB68 /* Assets.xcassets */,
				E3555D1F21798E73000CAB68 /* LaunchScreen.storyboard */,
				E3555D2221798E73000CAB68 /* Info.plist */,
				E3555D2321798E73000CAB68 /* main.m */,
			);
			path = ChangeSystemVolume;
			sourceTree = "<group>";
		};
		E3555D2A21798E8F000CAB68 /* Frameworks */ = {
			isa = PBXGroup;
			children = (
				E3555D2D21798E9C000CAB68 /* MediaPlayer.framework */,
				E3555D2B21798E90000CAB68 /* AVFoundation.framework */,
			);
			name = Frameworks;
			sourceTree = "<group>";
		};
/* End PBXGroup section */

/* Begin PBXNativeTarget section */
		E3555D1021798E72000CAB68 /* ChangeSystemVolume */ = {
			isa = PBXNativeTarget;
			buildConfigurationList = E3555D2721798E73000CAB68 /* Build configuration list for PBXNativeTarget "ChangeSystemVolume" */;
			buildPhases = (
				E3555D0D21798E72000CAB68 /* Sources */,
				E3555D0E21798E72000CAB68 /* Frameworks */,
				E3555D0F21798E72000CAB68 /* Resources */,
			);
			buildRules = (
			);
			dependencies = (
			);
			name = ChangeSystemVolume;
			productName = ChangeSystemVolume;
			productReference = E3555D1121798E72000CAB68 /* ChangeSystemVolume.app */;
			productType = "com.apple.product-type.application";
		};
/* End PBXNativeTarget section */

/* Begin PBXProject section */
		E3555D0921798E72000CAB68 /* Project object */ = {
			isa = PBXProject;
			attributes = {
				LastUpgradeCheck = 0940;
				ORGANIZATIONNAME = "刘小二";
				TargetAttributes = {
					E3555D1021798E72000CAB68 = {
						CreatedOnToolsVersion = 9.4.1;
					};
				};
			};
			buildConfigurationList = E3555D0C21798E72000CAB68 /* Build configuration list for PBXProject "ChangeSystemVolume" */;
			compatibilityVersion = "Xcode 9.3";
			developmentRegion = en;
			hasScannedForEncodings = 0;
			knownRegions = (
				en,
				Base,
			);
			mainGroup = E3555D0821798E72000CAB68;
			productRefGroup = E3555D1221798E72000CAB68 /* Products */;
			projectDirPath = "";
			projectRoot = "";
			targets = (
				E3555D1021798E72000CAB68 /* ChangeSystemVolume */,
			);
		};
/* End PBXProject section */

/* Begin PBXResourcesBuildPhase section */
		E3555D0F21798E72000CAB68 /* Resources */ = {
			isa = PBXResourcesBuildPhase;
			buildActionMask = 2147483647;
			files = (
				E3555D2121798E73000CAB68 /* LaunchScreen.storyboard in Resources */,
				E3555D1E21798E73000CAB68 /* Assets.xcassets in Resources */,
				E3555D1C21798E72000CAB68 /* Main.storyboard in Resources */,
			);
			runOnlyForDeploymentPostprocessing = 0;
		};
/* End PBXResourcesBuildPhase section */

/* Begin PBXSourcesBuildPhase section */
		E3555D0D21798E72000CAB68 /* Sources */ = {
			isa = PBXSourcesBuildPhase;
			buildActionMask = 2147483647;
			files = (
				E3555D1921798E72000CAB68 /* ViewController.m in Sources */,
				E3555D2421798E73000CAB68 /* main.m in Sources */,
				E3555D1621798E72000CAB68 /* AppDelegate.m in Sources */,
			);
			runOnlyForDeploymentPostprocessing = 0;
		};
/* End PBXSourcesBuildPhase section */

/* Begin PBXVariantGroup section */
		E3555D1A21798E72000CAB68 /* Main.storyboard */ = {
			isa = PBXVariantGroup;
			children = (
				E3555D1B21798E72000CAB68 /* Base */,
			);
			name = Main.storyboard;
			sourceTree = "<group>";
		};
		E3555D1F21798E73000CAB68 /* LaunchScreen.storyboard */ = {
			isa = PBXVariantGroup;
			children = (
				E3555D2021798E73000CAB68 /* Base */,
			);
			name = LaunchScreen.storyboard;
			sourceTree = "<group>";
		};
/* End PBXVariantGroup section */

/* Begin XCBuildConfiguration section */
		E3555D2521798E73000CAB68 /* Debug */ = {
			isa = XCBuildConfiguration;
			buildSettings = {
				ALWAYS_SEARCH_USER_PATHS = NO;
				CLANG_ANALYZER_NONNULL = YES;
				CLANG_ANALYZER_NUMBER_OBJECT_CONVERSION = YES_AGGRESSIVE;
				CLANG_CXX_LANGUAGE_STANDARD = "gnu++14";
				CLANG_CXX_LIBRARY = "libc++";
				CLANG_ENABLE_MODULES = YES;
				CLANG_ENABLE_OBJC_ARC = YES;
				CLANG_ENABLE_OBJC_WEAK = YES;
				CLANG_WARN_BLOCK_CAPTURE_AUTORELEASING = YES;
				CLANG_WARN_BOOL_CONVERSION = YES;
				CLANG_WARN_COMMA = YES;
				CLANG_WARN_CONSTANT_CONVERSION = YES;
				CLANG_WARN_DEPRECATED_OBJC_IMPLEMENTATIONS = YES;
				CLANG_WARN_DIRECT_OBJC_ISA_USAGE = YES_ERROR;
				CLANG_WARN_DOCUMENTATION_COMMENTS = YES;
				CLANG_WARN_EMPTY_BODY = YES;
				CLANG_WARN_ENUM_CONVERSION = YES;
				CLANG_WARN_INFINITE_RECURSION = YES;
				CLANG_WARN_INT_CONVERSION = YES;
				CLANG_WARN_NON_LITERAL_NULL_CONVERSION = YES;
				CLANG_WARN_OBJC_IMPLICIT_RETAIN_SELF = YES;
				CLANG_WARN_OBJC_LITERAL_CONVERSION = YES;
				CLANG_WARN_OBJC_ROOT_CLASS = YES_ERROR;
				CLANG_WARN_RANGE_LOOP_ANALYSIS = YES;
				CLANG_WARN_STRICT_PROTOTYPES = YES;
				CLANG_WARN_SUSPICIOUS_MOVE = YES;
				CLANG_WARN_UNGUARDED_AVAILABILITY = YES_AGGRESSIVE;
				CLANG_WARN_UNREACHABLE_CODE = YES;
				CLANG_WARN__DUPLICATE_METHOD_MATCH = YES;
				CODE_SIGN_IDENTITY = "iPhone Developer";
				COPY_PHASE_STRIP = NO;
				DEBUG_INFORMATION_FORMAT = dwarf;
				ENABLE_STRICT_OBJC_MSGSEND = YES;
				ENABLE_TESTABILITY = YES;
				GCC_C_LANGUAGE_STANDARD = gnu11;
				GCC_DYNAMIC_NO_PIC = NO;
				GCC_NO_COMMON_BLOCKS = YES;
				GCC_OPTIMIZATION_LEVEL = 0;
				GCC_PREPROCESSOR_DEFINITIONS = (
					"DEBUG=1",
					"$(inherited)",
				);
				GCC_WARN_64_TO_32_BIT_CONVERSION = YES;
				GCC_WARN_ABOUT_RETURN_TYPE = YES_ERROR;
				GCC_WARN_UNDECLARED_SELECTOR = YES;
				GCC_WARN_UNINITIALIZED_AUTOS = YES_AGGRESSIVE;
				GCC_WARN_UNUSED_FUNCTION = YES;
				GCC_WARN_UNUSED_VARIABLE = YES;
				IPHONEOS_DEPLOYMENT_TARGET = 11.4;
				MTL_ENABLE_DEBUG_INFO = YES;
				ONLY_ACTIVE_ARCH = YES;
				SDKROOT = iphoneos;
			};
			name = Debug;
		};
		E3555D2621798E73000CAB68 /* Release */ = {
			isa = XCBuildConfiguration;
			buildSettings = {
				ALWAYS_SEARCH_USER_PATHS = NO;
				CLANG_ANALYZER_NONNULL = YES;
				CLANG_ANALYZER_NUMBER_OBJECT_CONVERSION = YES_AGGRESSIVE;
				CLANG_CXX_LANGUAGE_STANDARD = "gnu++14";
				CLANG_CXX_LIBRARY = "libc++";
				CLANG_ENABLE_MODULES = YES;
				CLANG_ENABLE_OBJC_ARC = YES;
				CLANG_ENABLE_OBJC_WEAK = YES;
				CLANG_WARN_BLOCK_CAPTURE_AUTORELEASING = YES;
				CLANG_WARN_BOOL_CONVERSION = YES;
				CLANG_WARN_COMMA = YES;
				CLANG_WARN_CONSTANT_CONVERSION = YES;
				CLANG_WARN_DEPRECATED_OBJC_IMPLEMENTATIONS = YES;
				CLANG_WARN_DIRECT_OBJC_ISA_USAGE = YES_ERROR;
				CLANG_WARN_DOCUMENTATION_COMMENTS = YES;
				CLANG_WARN_EMPTY_BODY = YES;
				CLANG_WARN_ENUM_CONVERSION = YES;
				CLANG_WARN_INFINITE_RECURSION = YES;
				CLANG_WARN_INT_CONVERSION = YES;
				CLANG_WARN_NON_LITERAL_NULL_CONVERSION = YES;
				CLANG_WARN_OBJC_IMPLICIT_RETAIN_SELF = YES;
				CLANG_WARN_OBJC_LITERAL_CONVERSION = YES;
				CLANG_WARN_OBJC_ROOT_CLASS = YES_ERROR;
				CLANG_WARN_RANGE_LOOP_ANALYSIS = YES;
				CLANG_WARN_STRICT_PROTOTYPES = YES;
				CLANG_WARN_SUSPICIOUS_MOVE = YES;
				CLANG_WARN_UNGUARDED_AVAILABILITY = YES_AGGRESSIVE;
				CLANG_WARN_UNREACHABLE_CODE = YES;
				CLANG_WARN__DUPLICATE_METHOD_MATCH = YES;
				CODE_SIGN_IDENTITY = "iPhone Developer";
				COPY_PHASE_STRIP = NO;
				DEBUG_INFORMATION_FORMAT = "dwarf-with-dsym";
				ENABLE_NS_ASSERTIONS = NO;
				ENABLE_STRICT_OBJC_MSGSEND = YES;
				GCC_C_LANGUAGE_STANDARD = gnu11;
				GCC_NO_COMMON_BLOCKS = YES;
				GCC_WARN_64_TO_32_BIT_CONVERSION = YES;
				GCC_WARN_ABOUT_RETURN_TYPE = YES_ERROR;
				GCC_WARN_UNDECLARED_SELECTOR = YES;
				GCC_WARN_UNINITIALIZED_AUTOS = YES_AGGRESSIVE;
				GCC_WARN_UNUSED_FUNCTION = YES;
				GCC_WARN_UNUSED_VARIABLE = YES;
				IPHONEOS_DEPLOYMENT_TARGET = 11.4;
				MTL_ENABLE_DEBUG_INFO = NO;
				SDKROOT = iphoneos;
				VALIDATE_PRODUCT = YES;
			};
			name = Release;
		};
		E3555D2821798E73000CAB68 /* Debug */ = {
			isa = XCBuildConfiguration;
			buildSettings = {
				ASSETCATALOG_COMPILER_APPICON_NAME = AppIcon;
				CODE_SIGN_STYLE = Automatic;
				DEVELOPMENT_TEAM = UZX4N64XPV;
				INFOPLIST_FILE = ChangeSystemVolume/Info.plist;
				LD_RUNPATH_SEARCH_PATHS = (
					"$(inherited)",
					"@executable_path/Frameworks",
				);
				PRODUCT_BUNDLE_IDENTIFIER = com.euming.pkuie;
				PRODUCT_NAME = "$(TARGET_NAME)";
				TARGETED_DEVICE_FAMILY = "1,2";
			};
			name = Debug;
		};
		E3555D2921798E73000CAB68 /* Release */ = {
			isa = XCBuildConfiguration;
			buildSettings = {
				ASSETCATALOG_COMPILER_APPICON_NAME = AppIcon;
				CODE_SIGN_STYLE = Automatic;
				DEVELOPMENT_TEAM = UZX4N64XPV;
				INFOPLIST_FILE = ChangeSystemVolume/Info.plist;
				LD_RUNPATH_SEARCH_PATHS = (
					"$(inherited)",
					"@executable_path/Frameworks",
				);
				PRODUCT_BUNDLE_IDENTIFIER = com.euming.pkuie;
				PRODUCT_NAME = "$(TARGET_NAME)";
				TARGETED_DEVICE_FAMILY = "1,2";
			};
			name = Release;
		};
/* End XCBuildConfiguration section */

/* Begin XCConfigurationList section */
		E3555D0C21798E72000CAB68 /* Build configuration list for PBXProject "ChangeSystemVolume" */ = {
			isa = XCConfigurationList;
			buildConfigurations = (
				E3555D2521798E73000CAB68 /* Debug */,
				E3555D2621798E73000CAB68 /* Release */,
			);
			defaultConfigurationIsVisible = 0;
			defaultConfigurationName = Release;
		};
		E3555D2721798E73000CAB68 /* Build configuration list for PBXNativeTarget "ChangeSystemVolume" */ = {
			isa = XCConfigurationList;
			buildConfigurations = (
				E3555D2821798E73000CAB68 /* Debug */,
				E3555D2921798E73000CAB68 /* Release */,
			);
			defaultConfigurationIsVisible = 0;
			defaultConfigurationName = Release;
		};
/* End XCConfigurationList section */
	};
	rootObject = E3555D0921798E72000CAB68 /* Project object */;
}
